
Microsoft Visual Studio Solution File, Format Version 12.00
# Visual Studio 14
VisualStudioVersion = 14.0.24720.0
MinimumVisualStudioVersion = 10.0.40219.1
Project("{FAE04EC0-301F-11D3-BF4B-00C04F79EFBC}") = "Octopus.TenantMigrator", "Octopus.TenantMigrator\Octopus.TenantMigrator.csproj", "{61834892-26C0-4C5E-BE62-B8D3174AFDFF}"
EndProject
Global
	GlobalSection(SolutionConfigurationPlatforms) = preSolution
		Debug|Any CPU = Debug|Any CPU
		Release|Any CPU = Release|Any CPU
	EndGlobalSection
	GlobalSection(ProjectConfigurationPlatforms) = postSolution
		{61834892-26C0-4C5E-BE62-B8D3174AFDFF}.Debug|Any CPU.ActiveCfg = Debug|Any CPU
		{61834892-26C0-4C5E-BE62-B8D3174AFDFF}.Debug|Any CPU.Build.0 = Debug|Any CPU
		{61834892-26C0-4C5E-BE62-B8D3174AFDFF}.Release|Any CPU.ActiveCfg = Release|Any CPU
		{61834892-26C0-4C5E-BE62-B8D3174AFDFF}.Release|Any CPU.Build.0 = Release|Any CPU
	EndGlobalSection
	GlobalSection(SolutionProperties) = preSolution
		HideSolutionNode = FALSE
	EndGlobalSection
EndGlobal
